
Microsoft Visual Studio Solution File, Format Version 12.00
# Visual Studio 15
VisualStudioVersion = 15.0.28307.645
MinimumVisualStudioVersion = 10.0.40219.1
Project("{FAE04EC0-301F-11D3-BF4B-00C04F79EFBC}") = "AIDialog", "ConsoleApp16.02.20\AIDialog.csproj", "{D6A11A73-585C-4CBE-A82D-18D04D19555D}"
EndProject
Global
	GlobalSection(SolutionConfigurationPlatforms) = preSolution
		Debug|Any CPU = Debug|Any CPU
		Release|Any CPU = Release|Any CPU
	EndGlobalSection
	GlobalSection(ProjectConfigurationPlatforms) = postSolution
		{D6A11A73-585C-4CBE-A82D-18D04D19555D}.Debug|Any CPU.ActiveCfg = Debug|Any CPU
		{D6A11A73-585C-4CBE-A82D-18D04D19555D}.Debug|Any CPU.Build.0 = Debug|Any CPU
		{D6A11A73-585C-4CBE-A82D-18D04D19555D}.Release|Any CPU.ActiveCfg = Release|Any CPU
		{D6A11A73-585C-4CBE-A82D-18D04D19555D}.Release|Any CPU.Build.0 = Release|Any CPU
	EndGlobalSection
	GlobalSection(SolutionProperties) = preSolution
		HideSolutionNode = FALSE
	EndGlobalSection
	GlobalSection(ExtensibilityGlobals) = postSolution
		SolutionGuid = {30E78146-CA88-42CB-8B30-BB18F6978300}
	EndGlobalSection
EndGlobal
